// !$*UTF8*$!
{
	archiveVersion = 1;
	classes = {
	};
	objectVersion = 46;
	objects = {

/* Begin PBXBuildFile section */
		A7CEB8EE1C414AB10037A281 /* AppDelegate.swift in Sources */ = {isa = PBXBuildFile; fileRef = A7CEB8ED1C414AB10037A281 /* AppDelegate.swift */; };
		A7CEB8F01C414AB10037A281 /* ViewController.swift in Sources */ = {isa = PBXBuildFile; fileRef = A7CEB8EF1C414AB10037A281 /* ViewController.swift */; };
		A7CEB8F31C414AB10037A281 /* Main.storyboard in Resources */ = {isa = PBXBuildFile; fileRef = A7CEB8F11C414AB10037A281 /* Main.storyboard */; };
		A7CEB8F51C414AB10037A281 /* Assets.xcassets in Resources */ = {isa = PBXBuildFile; fileRef = A7CEB8F41C414AB10037A281 /* Assets.xcassets */; };
		A7CEB8F81C414AB10037A281 /* LaunchScreen.storyboard in Resources */ = {isa = PBXBuildFile; fileRef = A7CEB8F61C414AB10037A281 /* LaunchScreen.storyboard */; };
		A7CEB9021C414F3C0037A281 /* TableViewController.swift in Sources */ = {isa = PBXBuildFile; fileRef = A7CEB9011C414F3C0037A281 /* TableViewController.swift */; };
		A7CEB9041C4158430037A281 /* FavoritePlace.swift in Sources */ = {isa = PBXBuildFile; fileRef = A7CEB9031C4158430037A281 /* FavoritePlace.swift */; };
/* End PBXBuildFile section */

/* Begin PBXFileReference section */
		A7CEB8EA1C414AB10037A281 /* MapIntegration.app */ = {isa = PBXFileReference; explicitFileType = wrapper.application; includeInIndex = 0; path = MapIntegration.app; sourceTree = BUILT_PRODUCTS_DIR; };
		A7CEB8ED1C414AB10037A281 /* AppDelegate.swift */ = {isa = PBXFileReference; lastKnownFileType = sourcecode.swift; path = AppDelegate.swift; sourceTree = "<group>"; };
		A7CEB8EF1C414AB10037A281 /* ViewController.swift */ = {isa = PBXFileReference; lastKnownFileType = sourcecode.swift; path = ViewController.swift; sourceTree = "<group>"; };
		A7CEB8F21C414AB10037A281 /* Base */ = {isa = PBXFileReference; lastKnownFileType = file.storyboard; name = Base; path = Base.lproj/Main.storyboard; sourceTree = "<group>"; };
		A7CEB8F41C414AB10037A281 /* Assets.xcassets */ = {isa = PBXFileReference; lastKnownFileType = folder.assetcatalog; path = Assets.xcassets; sourceTree = "<group>"; };
		A7CEB8F71C414AB10037A281 /* Base */ = {isa = PBXFileReference; lastKnownFileType = file.storyboard; name = Base; path = Base.lproj/LaunchScreen.storyboard; sourceTree = "<group>"; };
		A7CEB8F91C414AB10037A281 /* Info.plist */ = {isa = PBXFileReference; lastKnownFileType = text.plist.xml; path = Info.plist; sourceTree = "<group>"; };
		A7CEB9011C414F3C0037A281 /* TableViewController.swift */ = {isa = PBXFileReference; fileEncoding = 4; lastKnownFileType = sourcecode.swift; name = TableViewController.swift; path = ../TableViewController.swift; sourceTree = "<group>"; };
		A7CEB9031C4158430037A281 /* FavoritePlace.swift */ = {isa = PBXFileReference; fileEncoding = 4; lastKnownFileType = sourcecode.swift; path = FavoritePlace.swift; sourceTree = "<group>"; };
/* End PBXFileReference section */

/* Begin PBXFrameworksBuildPhase section */
		A7CEB8E71C414AB10037A281 /* Frameworks */ = {
			isa = PBXFrameworksBuildPhase;
			buildActionMask = 2147483647;
			files = (
			);
			runOnlyForDeploymentPostprocessing = 0;
		};
/* End PBXFrameworksBuildPhase section */

/* Begin PBXGroup section */
		A7CEB8E11C414AB10037A281 = {
			isa = PBXGroup;
			children = (
				A7CEB8EC1C414AB10037A281 /* MapIntegration */,
				A7CEB8EB1C414AB10037A281 /* Products */,
			);
			sourceTree = "<group>";
		};
		A7CEB8EB1C414AB10037A281 /* Products */ = {
			isa = PBXGroup;
			children = (
				A7CEB8EA1C414AB10037A281 /* MapIntegration.app */,
			);
			name = Products;
			sourceTree = "<group>";
		};
		A7CEB8EC1C414AB10037A281 /* MapIntegration */ = {
			isa = PBXGroup;
			children = (
				A7CEB8ED1C414AB10037A281 /* AppDelegate.swift */,
				A7CEB8EF1C414AB10037A281 /* ViewController.swift */,
				A7CEB9031C4158430037A281 /* FavoritePlace.swift */,
				A7CEB9011C414F3C0037A281 /* TableViewController.swift */,
				A7CEB8F11C414AB10037A281 /* Main.storyboard */,
				A7CEB8F41C414AB10037A281 /* Assets.xcassets */,
				A7CEB8F61C414AB10037A281 /* LaunchScreen.storyboard */,
				A7CEB8F91C414AB10037A281 /* Info.plist */,
			);
			path = MapIntegration;
			sourceTree = "<group>";
		};
/* End PBXGroup section */

/* Begin PBXNativeTarget section */
		A7CEB8E91C414AB10037A281 /* MapIntegration */ = {
			isa = PBXNativeTarget;
			buildConfigurationList = A7CEB8FC1C414AB10037A281 /* Build configuration list for PBXNativeTarget "MapIntegration" */;
			buildPhases = (
				A7CEB8E61C414AB10037A281 /* Sources */,
				A7CEB8E71C414AB10037A281 /* Frameworks */,
				A7CEB8E81C414AB10037A281 /* Resources */,
			);
			buildRules = (
			);
			dependencies = (
			);
			name = MapIntegration;
			productName = MapIntegration;
			productReference = A7CEB8EA1C414AB10037A281 /* MapIntegration.app */;
			productType = "com.apple.product-type.application";
		};
/* End PBXNativeTarget section */

/* Begin PBXProject section */
		A7CEB8E21C414AB10037A281 /* Project object */ = {
			isa = PBXProject;
			attributes = {
				LastSwiftUpdateCheck = 0720;
				LastUpgradeCheck = 0720;
				ORGANIZATIONNAME = AccessIT;
				TargetAttributes = {
					A7CEB8E91C414AB10037A281 = {
						CreatedOnToolsVersion = 7.2;
						DevelopmentTeam = DA62YQ6NQN;
					};
				};
			};
			buildConfigurationList = A7CEB8E51C414AB10037A281 /* Build configuration list for PBXProject "MapIntegration" */;
			compatibilityVersion = "Xcode 3.2";
			developmentRegion = English;
			hasScannedForEncodings = 0;
			knownRegions = (
				en,
				Base,
			);
			mainGroup = A7CEB8E11C414AB10037A281;
			productRefGroup = A7CEB8EB1C414AB10037A281 /* Products */;
			projectDirPath = "";
			projectRoot = "";
			targets = (
				A7CEB8E91C414AB10037A281 /* MapIntegration */,
			);
		};
/* End PBXProject section */

/* Begin PBXResourcesBuildPhase section */
		A7CEB8E81C414AB10037A281 /* Resources */ = {
			isa = PBXResourcesBuildPhase;
			buildActionMask = 2147483647;
			files = (
				A7CEB8F81C414AB10037A281 /* LaunchScreen.storyboard in Resources */,
				A7CEB8F51C414AB10037A281 /* Assets.xcassets in Resources */,
				A7CEB8F31C414AB10037A281 /* Main.storyboard in Resources */,
			);
			runOnlyForDeploymentPostprocessing = 0;
		};
/* End PBXResourcesBuildPhase section */

/* Begin PBXSourcesBuildPhase section */
		A7CEB8E61C414AB10037A281 /* Sources */ = {
			isa = PBXSourcesBuildPhase;
			buildActionMask = 2147483647;
			files = (
				A7CEB8F01C414AB10037A281 /* ViewController.swift in Sources */,
				A7CEB9021C414F3C0037A281 /* TableViewController.swift in Sources */,
				A7CEB8EE1C414AB10037A281 /* AppDelegate.swift in Sources */,
				A7CEB9041C4158430037A281 /* FavoritePlace.swift in Sources */,
			);
			runOnlyForDeploymentPostprocessing = 0;
		};
/* End PBXSourcesBuildPhase section */

/* Begin PBXVariantGroup section */
		A7CEB8F11C414AB10037A281 /* Main.storyboard */ = {
			isa = PBXVariantGroup;
			children = (
				A7CEB8F21C414AB10037A281 /* Base */,
			);
			name = Main.storyboard;
			sourceTree = "<group>";
		};
		A7CEB8F61C414AB10037A281 /* LaunchScreen.storyboard */ = {
			isa = PBXVariantGroup;
			children = (
				A7CEB8F71C414AB10037A281 /* Base */,
			);
			name = LaunchScreen.storyboard;
			sourceTree = "<group>";
		};
/* End PBXVariantGroup section */

/* Begin XCBuildConfiguration section */
		A7CEB8FA1C414AB10037A281 /* Debug */ = {
			isa = XCBuildConfiguration;
			buildSettings = {
				ALWAYS_SEARCH_USER_PATHS = NO;
				CLANG_CXX_LANGUAGE_STANDARD = "gnu++0x";
				CLANG_CXX_LIBRARY = "libc++";
				CLANG_ENABLE_MODULES = YES;
				CLANG_ENABLE_OBJC_ARC = YES;
				CLANG_WARN_BOOL_CONVERSION = YES;
				CLANG_WARN_CONSTANT_CONVERSION = YES;
				CLANG_WARN_DIRECT_OBJC_ISA_USAGE = YES_ERROR;
				CLANG_WARN_EMPTY_BODY = YES;
				CLANG_WARN_ENUM_CONVERSION = YES;
				CLANG_WARN_INT_CONVERSION = YES;
				CLANG_WARN_OBJC_ROOT_CLASS = YES_ERROR;
				CLANG_WARN_UNREACHABLE_CODE = YES;
				CLANG_WARN__DUPLICATE_METHOD_MATCH = YES;
				"CODE_SIGN_IDENTITY[sdk=iphoneos*]" = "iPhone Developer";
				COPY_PHASE_STRIP = NO;
				DEBUG_INFORMATION_FORMAT = dwarf;
				ENABLE_STRICT_OBJC_MSGSEND = YES;
				ENABLE_TESTABILITY = YES;
				GCC_C_LANGUAGE_STANDARD = gnu99;
				GCC_DYNAMIC_NO_PIC = NO;
				GCC_NO_COMMON_BLOCKS = YES;
				GCC_OPTIMIZATION_LEVEL = 0;
				GCC_PREPROCESSOR_DEFINITIONS = (
					"DEBUG=1",
					"$(inherited)",
				);
				GCC_WARN_64_TO_32_BIT_CONVERSION = YES;
				GCC_WARN_ABOUT_RETURN_TYPE = YES_ERROR;
				GCC_WARN_UNDECLARED_SELECTOR = YES;
				GCC_WARN_UNINITIALIZED_AUTOS = YES_AGGRESSIVE;
				GCC_WARN_UNUSED_FUNCTION = YES;
				GCC_WARN_UNUSED_VARIABLE = YES;
				IPHONEOS_DEPLOYMENT_TARGET = 9.2;
				MTL_ENABLE_DEBUG_INFO = YES;
				ONLY_ACTIVE_ARCH = YES;
				SDKROOT = iphoneos;
				SWIFT_OPTIMIZATION_LEVEL = "-Onone";
				TARGETED_DEVICE_FAMILY = "1,2";
			};
			name = Debug;
		};
		A7CEB8FB1C414AB10037A281 /* Release */ = {
			isa = XCBuildConfiguration;
			buildSettings = {
				ALWAYS_SEARCH_USER_PATHS = NO;
				CLANG_CXX_LANGUAGE_STANDARD = "gnu++0x";
				CLANG_CXX_LIBRARY = "libc++";
				CLANG_ENABLE_MODULES = YES;
				CLANG_ENABLE_OBJC_ARC = YES;
				CLANG_WARN_BOOL_CONVERSION = YES;
				CLANG_WARN_CONSTANT_CONVERSION = YES;
				CLANG_WARN_DIRECT_OBJC_ISA_USAGE = YES_ERROR;
				CLANG_WARN_EMPTY_BODY = YES;
				CLANG_WARN_ENUM_CONVERSION = YES;
				CLANG_WARN_INT_CONVERSION = YES;
				CLANG_WARN_OBJC_ROOT_CLASS = YES_ERROR;
				CLANG_WARN_UNREACHABLE_CODE = YES;
				CLANG_WARN__DUPLICATE_METHOD_MATCH = YES;
				"CODE_SIGN_IDENTITY[sdk=iphoneos*]" = "iPhone Developer";
				COPY_PHASE_STRIP = NO;
				DEBUG_INFORMATION_FORMAT = "dwarf-with-dsym";
				ENABLE_NS_ASSERTIONS = NO;
				ENABLE_STRICT_OBJC_MSGSEND = YES;
				GCC_C_LANGUAGE_STANDARD = gnu99;
				GCC_NO_COMMON_BLOCKS = YES;
				GCC_WARN_64_TO_32_BIT_CONVERSION = YES;
				GCC_WARN_ABOUT_RETURN_TYPE = YES_ERROR;
				GCC_WARN_UNDECLARED_SELECTOR = YES;
				GCC_WARN_UNINITIALIZED_AUTOS = YES_AGGRESSIVE;
				GCC_WARN_UNUSED_FUNCTION = YES;
				GCC_WARN_UNUSED_VARIABLE = YES;
				IPHONEOS_DEPLOYMENT_TARGET = 9.2;
				MTL_ENABLE_DEBUG_INFO = NO;
				SDKROOT = iphoneos;
				TARGETED_DEVICE_FAMILY = "1,2";
				VALIDATE_PRODUCT = YES;
			};
			name = Release;
		};
		A7CEB8FD1C414AB10037A281 /* Debug */ = {
			isa = XCBuildConfiguration;
			buildSettings = {
				ASSETCATALOG_COMPILER_APPICON_NAME = AppIcon;
				INFOPLIST_FILE = MapIntegration/Info.plist;
				LD_RUNPATH_SEARCH_PATHS = "$(inherited) @executable_path/Frameworks";
				PRODUCT_BUNDLE_IDENTIFIER = access.MapIntegration;
				PRODUCT_NAME = "$(TARGET_NAME)";
			};
			name = Debug;
		};
		A7CEB8FE1C414AB10037A281 /* Release */ = {
			isa = XCBuildConfiguration;
			buildSettings = {
				ASSETCATALOG_COMPILER_APPICON_NAME = AppIcon;
				INFOPLIST_FILE = MapIntegration/Info.plist;
				LD_RUNPATH_SEARCH_PATHS = "$(inherited) @executable_path/Frameworks";
				PRODUCT_BUNDLE_IDENTIFIER = access.MapIntegration;
				PRODUCT_NAME = "$(TARGET_NAME)";
			};
			name = Release;
		};
/* End XCBuildConfiguration section */

/* Begin XCConfigurationList section */
		A7CEB8E51C414AB10037A281 /* Build configuration list for PBXProject "MapIntegration" */ = {
			isa = XCConfigurationList;
			buildConfigurations = (
				A7CEB8FA1C414AB10037A281 /* Debug */,
				A7CEB8FB1C414AB10037A281 /* Release */,
			);
			defaultConfigurationIsVisible = 0;
			defaultConfigurationName = Release;
		};
		A7CEB8FC1C414AB10037A281 /* Build configuration list for PBXNativeTarget "MapIntegration" */ = {
			isa = XCConfigurationList;
			buildConfigurations = (
				A7CEB8FD1C414AB10037A281 /* Debug */,
				A7CEB8FE1C414AB10037A281 /* Release */,
			);
			defaultConfigurationIsVisible = 0;
		};
/* End XCConfigurationList section */
	};
	rootObject = A7CEB8E21C414AB10037A281 /* Project object */;
}
